
Microsoft Visual Studio Solution File, Format Version 12.00
# Visual Studio 15
VisualStudioVersion = 15.0.28010.2050
MinimumVisualStudioVersion = 10.0.40219.1
Project("{8BC9CEB8-8B4A-11D0-8D11-00A0C91BC942}") = "Task1", "Task1\Task1.vcxproj", "{6C2D871B-C560-4DA5-8D57-5672B420E3BB}"
EndProject
Project("{8BC9CEB8-8B4A-11D0-8D11-00A0C91BC942}") = "Task2", "Task2\Task2.vcxproj", "{A71886F8-9873-4BD1-873B-6A3BA8A196AA}"
EndProject
Project("{8BC9CEB8-8B4A-11D0-8D11-00A0C91BC942}") = "Task3", "Task3\Task3.vcxproj", "{190C2C24-6BC8-46E0-9D02-5F2F5818675B}"
EndProject
Project("{8BC9CEB8-8B4A-11D0-8D11-00A0C91BC942}") = "Task4", "Task4\Task4.vcxproj", "{A7DEC328-E161-4096-A5E2-1EDF708B4B44}"
EndProject
Global
	GlobalSection(SolutionConfigurationPlatforms) = preSolution
		Debug|x64 = Debug|x64
		Debug|x86 = Debug|x86
		Release|x64 = Release|x64
		Release|x86 = Release|x86
	EndGlobalSection
	GlobalSection(ProjectConfigurationPlatforms) = postSolution
		{6C2D871B-C560-4DA5-8D57-5672B420E3BB}.Debug|x64.ActiveCfg = Debug|x64
		{6C2D871B-C560-4DA5-8D57-5672B420E3BB}.Debug|x64.Build.0 = Debug|x64
		{6C2D871B-C560-4DA5-8D57-5672B420E3BB}.Debug|x86.ActiveCfg = Debug|Win32
		{6C2D871B-C560-4DA5-8D57-5672B420E3BB}.Debug|x86.Build.0 = Debug|Win32
		{6C2D871B-C560-4DA5-8D57-5672B420E3BB}.Release|x64.ActiveCfg = Release|x64
		{6C2D871B-C560-4DA5-8D57-5672B420E3BB}.Release|x64.Build.0 = Release|x64
		{6C2D871B-C560-4DA5-8D57-5672B420E3BB}.Release|x86.ActiveCfg = Release|Win32
		{6C2D871B-C560-4DA5-8D57-5672B420E3BB}.Release|x86.Build.0 = Release|Win32
		{A71886F8-9873-4BD1-873B-6A3BA8A196AA}.Debug|x64.ActiveCfg = Debug|x64
		{A71886F8-9873-4BD1-873B-6A3BA8A196AA}.Debug|x64.Build.0 = Debug|x64
		{A71886F8-9873-4BD1-873B-6A3BA8A196AA}.Debug|x86.ActiveCfg = Debug|Win32
		{A71886F8-9873-4BD1-873B-6A3BA8A196AA}.Debug|x86.Build.0 = Debug|Win32
		{A71886F8-9873-4BD1-873B-6A3BA8A196AA}.Release|x64.ActiveCfg = Release|x64
		{A71886F8-9873-4BD1-873B-6A3BA8A196AA}.Release|x64.Build.0 = Release|x64
		{A71886F8-9873-4BD1-873B-6A3BA8A196AA}.Release|x86.ActiveCfg = Release|Win32
		{A71886F8-9873-4BD1-873B-6A3BA8A196AA}.Release|x86.Build.0 = Release|Win32
		{190C2C24-6BC8-46E0-9D02-5F2F5818675B}.Debug|x64.ActiveCfg = Debug|x64
		{190C2C24-6BC8-46E0-9D02-5F2F5818675B}.Debug|x64.Build.0 = Debug|x64
		{190C2C24-6BC8-46E0-9D02-5F2F5818675B}.Debug|x86.ActiveCfg = Debug|Win32
		{190C2C24-6BC8-46E0-9D02-5F2F5818675B}.Debug|x86.Build.0 = Debug|Win32
		{190C2C24-6BC8-46E0-9D02-5F2F5818675B}.Release|x64.ActiveCfg = Release|x64
		{190C2C24-6BC8-46E0-9D02-5F2F5818675B}.Release|x64.Build.0 = Release|x64
		{190C2C24-6BC8-46E0-9D02-5F2F5818675B}.Release|x86.ActiveCfg = Release|Win32
		{190C2C24-6BC8-46E0-9D02-5F2F5818675B}.Release|x86.Build.0 = Release|Win32
		{A7DEC328-E161-4096-A5E2-1EDF708B4B44}.Debug|x64.ActiveCfg = Debug|x64
		{A7DEC328-E161-4096-A5E2-1EDF708B4B44}.Debug|x64.Build.0 = Debug|x64
		{A7DEC328-E161-4096-A5E2-1EDF708B4B44}.Debug|x86.ActiveCfg = Debug|Win32
		{A7DEC328-E161-4096-A5E2-1EDF708B4B44}.Debug|x86.Build.0 = Debug|Win32
		{A7DEC328-E161-4096-A5E2-1EDF708B4B44}.Release|x64.ActiveCfg = Release|x64
		{A7DEC328-E161-4096-A5E2-1EDF708B4B44}.Release|x64.Build.0 = Release|x64
		{A7DEC328-E161-4096-A5E2-1EDF708B4B44}.Release|x86.ActiveCfg = Release|Win32
		{A7DEC328-E161-4096-A5E2-1EDF708B4B44}.Release|x86.Build.0 = Release|Win32
	EndGlobalSection
	GlobalSection(SolutionProperties) = preSolution
		HideSolutionNode = FALSE
	EndGlobalSection
	GlobalSection(ExtensibilityGlobals) = postSolution
		SolutionGuid = {F6DD8EB5-F9E3-49DE-B3F0-615655F62999}
	EndGlobalSection
EndGlobal
